[[package]]
name = "click"
version = "7.1.2"
description = "Composable command line interface toolkit"
category = "main"
optional = false
python-versions = ">=2.7, !=3.0.*, !=3.1.*, !=3.2.*, !=3.3.*, !=3.4.*"

[[package]]
name = "processing-config"
version = "0.1.0"
description = ""
category = "main"
optional = false
python-versions = "^3.6"
develop = false

[package.dependencies]
click = "^7.1.2"
wget = "^3.2"

[package.source]
type = "git"
url = "https://github.com/ahmed-shariff/processing_config"
reference = "master"
resolved_reference = "e9d13dc09b578047f8f9ab68e5b2bf5d1fa06ac6"

[[package]]
name = "wget"
version = "3.2"
description = "pure python download utility"
category = "main"
optional = false
python-versions = "*"

[metadata]
lock-version = "1.1"
python-versions = "^3.7"
content-hash = "f641dcd0fd29d44e4f0b084787f68abb1416fd3be9e8052e8411d3dd9c5ba747"

[metadata.files]
click = [
    {file = "click-7.1.2-py2.py3-none-any.whl", hash = "sha256:dacca89f4bfadd5de3d7489b7c8a566eee0d3676333fbb50030263894c38c0dc"},
    {file = "click-7.1.2.tar.gz", hash = "sha256:d2b5255c7c6349bc1bd1e59e08cd12acbbd63ce649f2588755783aa94dfb6b1a"},
]
processing-config = []
wget = [
    {file = "wget-3.2.zip", hash = "sha256:35e630eca2aa50ce998b9b1a127bb26b30dfee573702782aa982f875e3f16061"},
]
